
Microsoft Visual Studio Solution File, Format Version 12.00
# Visual Studio Version 17
VisualStudioVersion = 17.13.35931.197 d17.13
MinimumVisualStudioVersion = 10.0.40219.1
Project("{FAE04EC0-301F-11D3-BF4B-00C04F79EFBC}") = "Composite", "Composite.csproj", "{4234B4C4-E57D-437E-A84A-FED38D9B334B}"
EndProject
Global
	GlobalSection(SolutionConfigurationPlatforms) = preSolution
		Debug|Any CPU = Debug|Any CPU
		Release|Any CPU = Release|Any CPU
	EndGlobalSection
	GlobalSection(ProjectConfigurationPlatforms) = postSolution
		{4234B4C4-E57D-437E-A84A-FED38D9B334B}.Debug|Any CPU.ActiveCfg = Debug|Any CPU
		{4234B4C4-E57D-437E-A84A-FED38D9B334B}.Debug|Any CPU.Build.0 = Debug|Any CPU
		{4234B4C4-E57D-437E-A84A-FED38D9B334B}.Release|Any CPU.ActiveCfg = Release|Any CPU
		{4234B4C4-E57D-437E-A84A-FED38D9B334B}.Release|Any CPU.Build.0 = Release|Any CPU
	EndGlobalSection
	GlobalSection(SolutionProperties) = preSolution
		HideSolutionNode = FALSE
	EndGlobalSection
	GlobalSection(ExtensibilityGlobals) = postSolution
		SolutionGuid = {DCE13495-E56B-42E7-BCB7-9326BE8053E4}
	EndGlobalSection
EndGlobal
